
Microsoft Visual Studio Solution File, Format Version 12.00
# Visual Studio 15
VisualStudioVersion = 15.0.26124.0
MinimumVisualStudioVersion = 15.0.26124.0
Project("{FAE04EC0-301F-11D3-BF4B-00C04F79EFBC}") = "StronglyCoupled", "StronglyCoupled\StronglyCoupled.csproj", "{5C653BC4-8D04-4D3A-BBAF-7A553C483865}"
EndProject
Project("{FAE04EC0-301F-11D3-BF4B-00C04F79EFBC}") = "StronglyCoupledTests", "StronglyCoupledTests\StronglyCoupledTests.csproj", "{B0B0261C-2067-425B-B234-563CFE2BD765}"
EndProject
Global
	GlobalSection(SolutionConfigurationPlatforms) = preSolution
		Debug|Any CPU = Debug|Any CPU
		Debug|x64 = Debug|x64
		Debug|x86 = Debug|x86
		Release|Any CPU = Release|Any CPU
		Release|x64 = Release|x64
		Release|x86 = Release|x86
	EndGlobalSection
	GlobalSection(ProjectConfigurationPlatforms) = postSolution
		{5C653BC4-8D04-4D3A-BBAF-7A553C483865}.Debug|Any CPU.ActiveCfg = Debug|Any CPU
		{5C653BC4-8D04-4D3A-BBAF-7A553C483865}.Debug|Any CPU.Build.0 = Debug|Any CPU
		{5C653BC4-8D04-4D3A-BBAF-7A553C483865}.Debug|x64.ActiveCfg = Debug|Any CPU
		{5C653BC4-8D04-4D3A-BBAF-7A553C483865}.Debug|x64.Build.0 = Debug|Any CPU
		{5C653BC4-8D04-4D3A-BBAF-7A553C483865}.Debug|x86.ActiveCfg = Debug|Any CPU
		{5C653BC4-8D04-4D3A-BBAF-7A553C483865}.Debug|x86.Build.0 = Debug|Any CPU
		{5C653BC4-8D04-4D3A-BBAF-7A553C483865}.Release|Any CPU.ActiveCfg = Release|Any CPU
		{5C653BC4-8D04-4D3A-BBAF-7A553C483865}.Release|Any CPU.Build.0 = Release|Any CPU
		{5C653BC4-8D04-4D3A-BBAF-7A553C483865}.Release|x64.ActiveCfg = Release|Any CPU
		{5C653BC4-8D04-4D3A-BBAF-7A553C483865}.Release|x64.Build.0 = Release|Any CPU
		{5C653BC4-8D04-4D3A-BBAF-7A553C483865}.Release|x86.ActiveCfg = Release|Any CPU
		{5C653BC4-8D04-4D3A-BBAF-7A553C483865}.Release|x86.Build.0 = Release|Any CPU
		{B0B0261C-2067-425B-B234-563CFE2BD765}.Debug|Any CPU.ActiveCfg = Debug|Any CPU
		{B0B0261C-2067-425B-B234-563CFE2BD765}.Debug|Any CPU.Build.0 = Debug|Any CPU
		{B0B0261C-2067-425B-B234-563CFE2BD765}.Debug|x64.ActiveCfg = Debug|Any CPU
		{B0B0261C-2067-425B-B234-563CFE2BD765}.Debug|x64.Build.0 = Debug|Any CPU
		{B0B0261C-2067-425B-B234-563CFE2BD765}.Debug|x86.ActiveCfg = Debug|Any CPU
		{B0B0261C-2067-425B-B234-563CFE2BD765}.Debug|x86.Build.0 = Debug|Any CPU
		{B0B0261C-2067-425B-B234-563CFE2BD765}.Release|Any CPU.ActiveCfg = Release|Any CPU
		{B0B0261C-2067-425B-B234-563CFE2BD765}.Release|Any CPU.Build.0 = Release|Any CPU
		{B0B0261C-2067-425B-B234-563CFE2BD765}.Release|x64.ActiveCfg = Release|Any CPU
		{B0B0261C-2067-425B-B234-563CFE2BD765}.Release|x64.Build.0 = Release|Any CPU
		{B0B0261C-2067-425B-B234-563CFE2BD765}.Release|x86.ActiveCfg = Release|Any CPU
		{B0B0261C-2067-425B-B234-563CFE2BD765}.Release|x86.Build.0 = Release|Any CPU
	EndGlobalSection
	GlobalSection(SolutionProperties) = preSolution
		HideSolutionNode = FALSE
	EndGlobalSection
	GlobalSection(ExtensibilityGlobals) = postSolution
		SolutionGuid = {A71DA557-61F5-487E-84F4-BDD420793D99}
	EndGlobalSection
EndGlobal
